PODS:
  - Alamofire (3.3.1)
  - Bolts/Tasks (1.7.0)
  - OAuthSwift (0.5.2)
  - Parse (1.13.0):
    - Bolts/Tasks (~> 1.6)
  - SwiftyJSON (2.3.2)

DEPENDENCIES:
  - Alamofire
  - OAuthSwift (~> 0.5.0)
  - Parse
  - SwiftyJSON

SPEC CHECKSUMS:
  Alamofire: 369bc67b6f5ac33ded3648d7bd21c5bfb91c2ecc
  Bolts: a0058fa3b331c5a1e4402d534f2dae36dbff31e4
  OAuthSwift: 1ef042d4362e755e24a78f158d817245641a5d24
  Parse: f51c24d2feb412e4b2d6cc73d37cb24e8d0089bc
  SwiftyJSON: 04ccea08915aa0109039157c7974cf0298da292a

COCOAPODS: 0.39.0
