// !$*UTF8*$!
{
	archiveVersion = 1;
	classes = {
	};
	objectVersion = 46;
	objects = {

/* Begin PBXBuildFile section */
		4E31672541E3FB4CACC9F728 /* Pods_Stacks.framework in Frameworks */ = {isa = PBXBuildFile; fileRef = 4BEDF29E521366F97E57755F /* Pods_Stacks.framework */; };
		F7A55FB01CE11FD90006103E /* StacksGallery.swift in Sources */ = {isa = PBXBuildFile; fileRef = F7A55FAF1CE11FD90006103E /* StacksGallery.swift */; };
		F7A55FB21CE1353D0006103E /* TransitionManager.swift in Sources */ = {isa = PBXBuildFile; fileRef = F7A55FB11CE1353D0006103E /* TransitionManager.swift */; };
		F7A55FB41CE1484C0006103E /* CustomSegue.swift in Sources */ = {isa = PBXBuildFile; fileRef = F7A55FB31CE1484C0006103E /* CustomSegue.swift */; };
		F7A55FB61CE1677E0006103E /* NewStackVC.swift in Sources */ = {isa = PBXBuildFile; fileRef = F7A55FB51CE1677E0006103E /* NewStackVC.swift */; };
		F7A55FB81CE16AAA0006103E /* CreatedStack.swift in Sources */ = {isa = PBXBuildFile; fileRef = F7A55FB71CE16AAA0006103E /* CreatedStack.swift */; };
		F7A55FBB1CE269210006103E /* SSASideMenu.swift in Sources */ = {isa = PBXBuildFile; fileRef = F7A55FBA1CE269210006103E /* SSASideMenu.swift */; };
		F7A55FBD1CE269FB0006103E /* LeftMenuViewController.swift in Sources */ = {isa = PBXBuildFile; fileRef = F7A55FBC1CE269FB0006103E /* LeftMenuViewController.swift */; };
		F7A55FBF1CE2B0E50006103E /* CreatedStackCell.swift in Sources */ = {isa = PBXBuildFile; fileRef = F7A55FBE1CE2B0E50006103E /* CreatedStackCell.swift */; };
		F7ADF2E51CEBE17D0031F709 /* StatsVC.swift in Sources */ = {isa = PBXBuildFile; fileRef = F7ADF2E41CEBE17D0031F709 /* StatsVC.swift */; };
		F7C798B01CD3C90600D4E040 /* AppDelegate.swift in Sources */ = {isa = PBXBuildFile; fileRef = F7C798AF1CD3C90600D4E040 /* AppDelegate.swift */; };
		F7C798B21CD3C90600D4E040 /* MediaView.swift in Sources */ = {isa = PBXBuildFile; fileRef = F7C798B11CD3C90600D4E040 /* MediaView.swift */; };
		F7C798B51CD3C90600D4E040 /* Main.storyboard in Resources */ = {isa = PBXBuildFile; fileRef = F7C798B31CD3C90600D4E040 /* Main.storyboard */; };
		F7C798B71CD3C90600D4E040 /* Assets.xcassets in Resources */ = {isa = PBXBuildFile; fileRef = F7C798B61CD3C90600D4E040 /* Assets.xcassets */; };
		F7C798BA1CD3C90600D4E040 /* LaunchScreen.storyboard in Resources */ = {isa = PBXBuildFile; fileRef = F7C798B81CD3C90600D4E040 /* LaunchScreen.storyboard */; };
		F7C798C51CD3C90600D4E040 /* StacksTests.swift in Sources */ = {isa = PBXBuildFile; fileRef = F7C798C41CD3C90600D4E040 /* StacksTests.swift */; };
		F7C798D01CD3C90600D4E040 /* StacksUITests.swift in Sources */ = {isa = PBXBuildFile; fileRef = F7C798CF1CD3C90600D4E040 /* StacksUITests.swift */; };
		F7C798E01CD3CACE00D4E040 /* iCarousel.m in Sources */ = {isa = PBXBuildFile; fileRef = F7C798DF1CD3CACE00D4E040 /* iCarousel.m */; };
		F7C798EA1CD4104700D4E040 /* Instagram.swift in Sources */ = {isa = PBXBuildFile; fileRef = F7C798E91CD4104700D4E040 /* Instagram.swift */; };
		F7C798F41CD42C0300D4E040 /* User.swift in Sources */ = {isa = PBXBuildFile; fileRef = F7C798F31CD42C0300D4E040 /* User.swift */; };
		F7F7B94D1CD6DE560094B27D /* LoginVC.swift in Sources */ = {isa = PBXBuildFile; fileRef = F7F7B94C1CD6DE560094B27D /* LoginVC.swift */; };
/* End PBXBuildFile section */

/* Begin PBXContainerItemProxy section */
		F7C798C11CD3C90600D4E040 /* PBXContainerItemProxy */ = {
			isa = PBXContainerItemProxy;
			containerPortal = F7C798A41CD3C90600D4E040 /* Project object */;
			proxyType = 1;
			remoteGlobalIDString = F7C798AB1CD3C90600D4E040;
			remoteInfo = Stacks;
		};
		F7C798CC1CD3C90600D4E040 /* PBXContainerItemProxy */ = {
			isa = PBXContainerItemProxy;
			containerPortal = F7C798A41CD3C90600D4E040 /* Project object */;
			proxyType = 1;
			remoteGlobalIDString = F7C798AB1CD3C90600D4E040;
			remoteInfo = Stacks;
		};
/* End PBXContainerItemProxy section */

/* Begin PBXFileReference section */
		493ACCF5CBF5896D5B457A57 /* Pods-Stacks.debug.xcconfig */ = {isa = PBXFileReference; includeInIndex = 1; lastKnownFileType = text.xcconfig; name = "Pods-Stacks.debug.xcconfig"; path = "Pods/Target Support Files/Pods-Stacks/Pods-Stacks.debug.xcconfig"; sourceTree = "<group>"; };
		4BEDF29E521366F97E57755F /* Pods_Stacks.framework */ = {isa = PBXFileReference; explicitFileType = wrapper.framework; includeInIndex = 0; path = Pods_Stacks.framework; sourceTree = BUILT_PRODUCTS_DIR; };
		D78C9F9A1EA6A50D9BC181D6 /* Pods-Stacks.release.xcconfig */ = {isa = PBXFileReference; includeInIndex = 1; lastKnownFileType = text.xcconfig; name = "Pods-Stacks.release.xcconfig"; path = "Pods/Target Support Files/Pods-Stacks/Pods-Stacks.release.xcconfig"; sourceTree = "<group>"; };
		F7A55FAF1CE11FD90006103E /* StacksGallery.swift */ = {isa = PBXFileReference; fileEncoding = 4; lastKnownFileType = sourcecode.swift; path = StacksGallery.swift; sourceTree = "<group>"; };
		F7A55FB11CE1353D0006103E /* TransitionManager.swift */ = {isa = PBXFileReference; fileEncoding = 4; lastKnownFileType = sourcecode.swift; path = TransitionManager.swift; sourceTree = "<group>"; };
		F7A55FB31CE1484C0006103E /* CustomSegue.swift */ = {isa = PBXFileReference; fileEncoding = 4; lastKnownFileType = sourcecode.swift; path = CustomSegue.swift; sourceTree = "<group>"; };
		F7A55FB51CE1677E0006103E /* NewStackVC.swift */ = {isa = PBXFileReference; fileEncoding = 4; lastKnownFileType = sourcecode.swift; path = NewStackVC.swift; sourceTree = "<group>"; };
		F7A55FB71CE16AAA0006103E /* CreatedStack.swift */ = {isa = PBXFileReference; fileEncoding = 4; lastKnownFileType = sourcecode.swift; path = CreatedStack.swift; sourceTree = "<group>"; };
		F7A55FBA1CE269210006103E /* SSASideMenu.swift */ = {isa = PBXFileReference; fileEncoding = 4; lastKnownFileType = sourcecode.swift; path = SSASideMenu.swift; sourceTree = "<group>"; };
		F7A55FBC1CE269FB0006103E /* LeftMenuViewController.swift */ = {isa = PBXFileReference; fileEncoding = 4; lastKnownFileType = sourcecode.swift; path = LeftMenuViewController.swift; sourceTree = "<group>"; };
		F7A55FBE1CE2B0E50006103E /* CreatedStackCell.swift */ = {isa = PBXFileReference; fileEncoding = 4; lastKnownFileType = sourcecode.swift; path = CreatedStackCell.swift; sourceTree = "<group>"; };
		F7ADF2E41CEBE17D0031F709 /* StatsVC.swift */ = {isa = PBXFileReference; fileEncoding = 4; lastKnownFileType = sourcecode.swift; path = StatsVC.swift; sourceTree = "<group>"; };
		F7C798AC1CD3C90600D4E040 /* Stacks.app */ = {isa = PBXFileReference; explicitFileType = wrapper.application; includeInIndex = 0; path = Stacks.app; sourceTree = BUILT_PRODUCTS_DIR; };
		F7C798AF1CD3C90600D4E040 /* AppDelegate.swift */ = {isa = PBXFileReference; lastKnownFileType = sourcecode.swift; path = AppDelegate.swift; sourceTree = "<group>"; };
		F7C798B11CD3C90600D4E040 /* MediaView.swift */ = {isa = PBXFileReference; lastKnownFileType = sourcecode.swift; path = MediaView.swift; sourceTree = "<group>"; };
		F7C798B41CD3C90600D4E040 /* Base */ = {isa = PBXFileReference; lastKnownFileType = file.storyboard; name = Base; path = Base.lproj/Main.storyboard; sourceTree = "<group>"; };
		F7C798B61CD3C90600D4E040 /* Assets.xcassets */ = {isa = PBXFileReference; lastKnownFileType = folder.assetcatalog; path = Assets.xcassets; sourceTree = "<group>"; };
		F7C798B91CD3C90600D4E040 /* Base */ = {isa = PBXFileReference; lastKnownFileType = file.storyboard; name = Base; path = Base.lproj/LaunchScreen.storyboard; sourceTree = "<group>"; };
		F7C798BB1CD3C90600D4E040 /* Info.plist */ = {isa = PBXFileReference; lastKnownFileType = text.plist.xml; path = Info.plist; sourceTree = "<group>"; };
		F7C798C01CD3C90600D4E040 /* StacksTests.xctest */ = {isa = PBXFileReference; explicitFileType = wrapper.cfbundle; includeInIndex = 0; path = StacksTests.xctest; sourceTree = BUILT_PRODUCTS_DIR; };
		F7C798C41CD3C90600D4E040 /* StacksTests.swift */ = {isa = PBXFileReference; lastKnownFileType = sourcecode.swift; path = StacksTests.swift; sourceTree = "<group>"; };
		F7C798C61CD3C90600D4E040 /* Info.plist */ = {isa = PBXFileReference; lastKnownFileType = text.plist.xml; path = Info.plist; sourceTree = "<group>"; };
		F7C798CB1CD3C90600D4E040 /* StacksUITests.xctest */ = {isa = PBXFileReference; explicitFileType = wrapper.cfbundle; includeInIndex = 0; path = StacksUITests.xctest; sourceTree = BUILT_PRODUCTS_DIR; };
		F7C798CF1CD3C90600D4E040 /* StacksUITests.swift */ = {isa = PBXFileReference; lastKnownFileType = sourcecode.swift; path = StacksUITests.swift; sourceTree = "<group>"; };
		F7C798D11CD3C90600D4E040 /* Info.plist */ = {isa = PBXFileReference; lastKnownFileType = text.plist.xml; path = Info.plist; sourceTree = "<group>"; };
		F7C798DE1CD3CACE00D4E040 /* iCarousel.h */ = {isa = PBXFileReference; fileEncoding = 4; lastKnownFileType = sourcecode.c.h; path = iCarousel.h; sourceTree = "<group>"; };
		F7C798DF1CD3CACE00D4E040 /* iCarousel.m */ = {isa = PBXFileReference; fileEncoding = 4; lastKnownFileType = sourcecode.c.objc; path = iCarousel.m; sourceTree = "<group>"; };
		F7C798E61CD3CD9D00D4E040 /* Swift-iCarousel-header.h */ = {isa = PBXFileReference; lastKnownFileType = sourcecode.c.h; path = "Swift-iCarousel-header.h"; sourceTree = "<group>"; };
		F7C798E91CD4104700D4E040 /* Instagram.swift */ = {isa = PBXFileReference; fileEncoding = 4; lastKnownFileType = sourcecode.swift; path = Instagram.swift; sourceTree = "<group>"; };
		F7C798F31CD42C0300D4E040 /* User.swift */ = {isa = PBXFileReference; fileEncoding = 4; lastKnownFileType = sourcecode.swift; path = User.swift; sourceTree = "<group>"; };
		F7F7B94C1CD6DE560094B27D /* LoginVC.swift */ = {isa = PBXFileReference; fileEncoding = 4; lastKnownFileType = sourcecode.swift; path = LoginVC.swift; sourceTree = "<group>"; };
/* End PBXFileReference section */

/* Begin PBXFrameworksBuildPhase section */
		F7C798A91CD3C90600D4E040 /* Frameworks */ = {
			isa = PBXFrameworksBuildPhase;
			buildActionMask = 2147483647;
			files = (
				4E31672541E3FB4CACC9F728 /* Pods_Stacks.framework in Frameworks */,
			);
			runOnlyForDeploymentPostprocessing = 0;
		};
		F7C798BD1CD3C90600D4E040 /* Frameworks */ = {
			isa = PBXFrameworksBuildPhase;
			buildActionMask = 2147483647;
			files = (
			);
			runOnlyForDeploymentPostprocessing = 0;
		};
		F7C798C81CD3C90600D4E040 /* Frameworks */ = {
			isa = PBXFrameworksBuildPhase;
			buildActionMask = 2147483647;
			files = (
			);
			runOnlyForDeploymentPostprocessing = 0;
		};
/* End PBXFrameworksBuildPhase section */

/* Begin PBXGroup section */
		4BB928A73A8E47F22C000FCF /* Frameworks */ = {
			isa = PBXGroup;
			children = (
				4BEDF29E521366F97E57755F /* Pods_Stacks.framework */,
			);
			name = Frameworks;
			sourceTree = "<group>";
		};
		84C6EE36081794114441DA4C /* Pods */ = {
			isa = PBXGroup;
			children = (
				493ACCF5CBF5896D5B457A57 /* Pods-Stacks.debug.xcconfig */,
				D78C9F9A1EA6A50D9BC181D6 /* Pods-Stacks.release.xcconfig */,
			);
			name = Pods;
			sourceTree = "<group>";
		};
		F7A55FB91CE269210006103E /* SSASideMenu */ = {
			isa = PBXGroup;
			children = (
				F7A55FBA1CE269210006103E /* SSASideMenu.swift */,
			);
			path = SSASideMenu;
			sourceTree = "<group>";
		};
		F7A55FC11CE2F3050006103E /* Manage Stacks */ = {
			isa = PBXGroup;
			children = (
				F7A55FB51CE1677E0006103E /* NewStackVC.swift */,
				F7A55FB71CE16AAA0006103E /* CreatedStack.swift */,
				F7A55FBE1CE2B0E50006103E /* CreatedStackCell.swift */,
			);
			name = "Manage Stacks";
			sourceTree = "<group>";
		};
		F7AF515C1CDAC8B400853DF9 /* OAuth */ = {
			isa = PBXGroup;
			children = (
				F7C798E91CD4104700D4E040 /* Instagram.swift */,
				F7C798F31CD42C0300D4E040 /* User.swift */,
				F7F7B94C1CD6DE560094B27D /* LoginVC.swift */,
			);
			name = OAuth;
			sourceTree = "<group>";
		};
		F7C798A31CD3C90600D4E040 = {
			isa = PBXGroup;
			children = (
				F7C798AE1CD3C90600D4E040 /* Stacks */,
				F7C798C31CD3C90600D4E040 /* StacksTests */,
				F7C798CE1CD3C90600D4E040 /* StacksUITests */,
				F7C798AD1CD3C90600D4E040 /* Products */,
				84C6EE36081794114441DA4C /* Pods */,
				4BB928A73A8E47F22C000FCF /* Frameworks */,
			);
			sourceTree = "<group>";
		};
		F7C798AD1CD3C90600D4E040 /* Products */ = {
			isa = PBXGroup;
			children = (
				F7C798AC1CD3C90600D4E040 /* Stacks.app */,
				F7C798C01CD3C90600D4E040 /* StacksTests.xctest */,
				F7C798CB1CD3C90600D4E040 /* StacksUITests.xctest */,
			);
			name = Products;
			sourceTree = "<group>";
		};
		F7C798AE1CD3C90600D4E040 /* Stacks */ = {
			isa = PBXGroup;
			children = (
				F7C798DD1CD3CACE00D4E040 /* iCarousel */,
				F7A55FB91CE269210006103E /* SSASideMenu */,
				F7A55FBC1CE269FB0006103E /* LeftMenuViewController.swift */,
				F7A55FC11CE2F3050006103E /* Manage Stacks */,
				F7AF515C1CDAC8B400853DF9 /* OAuth */,
				F7A55FB31CE1484C0006103E /* CustomSegue.swift */,
				F7C798AF1CD3C90600D4E040 /* AppDelegate.swift */,
				F7A55FB11CE1353D0006103E /* TransitionManager.swift */,
				F7A55FAF1CE11FD90006103E /* StacksGallery.swift */,
				F7C798B11CD3C90600D4E040 /* MediaView.swift */,
				F7C798B31CD3C90600D4E040 /* Main.storyboard */,
				F7ADF2E41CEBE17D0031F709 /* StatsVC.swift */,
				F7C798B61CD3C90600D4E040 /* Assets.xcassets */,
				F7C798B81CD3C90600D4E040 /* LaunchScreen.storyboard */,
				F7C798BB1CD3C90600D4E040 /* Info.plist */,
				F7C798E61CD3CD9D00D4E040 /* Swift-iCarousel-header.h */,
			);
			path = Stacks;
			sourceTree = "<group>";
		};
		F7C798C31CD3C90600D4E040 /* StacksTests */ = {
			isa = PBXGroup;
			children = (
				F7C798C41CD3C90600D4E040 /* StacksTests.swift */,
				F7C798C61CD3C90600D4E040 /* Info.plist */,
			);
			path = StacksTests;
			sourceTree = "<group>";
		};
		F7C798CE1CD3C90600D4E040 /* StacksUITests */ = {
			isa = PBXGroup;
			children = (
				F7C798CF1CD3C90600D4E040 /* StacksUITests.swift */,
				F7C798D11CD3C90600D4E040 /* Info.plist */,
			);
			path = StacksUITests;
			sourceTree = "<group>";
		};
		F7C798DD1CD3CACE00D4E040 /* iCarousel */ = {
			isa = PBXGroup;
			children = (
				F7C798DE1CD3CACE00D4E040 /* iCarousel.h */,
				F7C798DF1CD3CACE00D4E040 /* iCarousel.m */,
			);
			name = iCarousel;
			path = ../iCarousel;
			sourceTree = "<group>";
		};
/* End PBXGroup section */

/* Begin PBXNativeTarget section */
		F7C798AB1CD3C90600D4E040 /* Stacks */ = {
			isa = PBXNativeTarget;
			buildConfigurationList = F7C798D41CD3C90600D4E040 /* Build configuration list for PBXNativeTarget "Stacks" */;
			buildPhases = (
				7EAD9ACC1BB6715B3B142845 /* Check Pods Manifest.lock */,
				F7C798A81CD3C90600D4E040 /* Sources */,
				F7C798A91CD3C90600D4E040 /* Frameworks */,
				F7C798AA1CD3C90600D4E040 /* Resources */,
				7C9C51140342275EDF2F02F6 /* Embed Pods Frameworks */,
				4666D8AC8884EC4387AD9407 /* Copy Pods Resources */,
			);
			buildRules = (
			);
			dependencies = (
			);
			name = Stacks;
			productName = Stacks;
			productReference = F7C798AC1CD3C90600D4E040 /* Stacks.app */;
			productType = "com.apple.product-type.application";
		};
		F7C798BF1CD3C90600D4E040 /* StacksTests */ = {
			isa = PBXNativeTarget;
			buildConfigurationList = F7C798D71CD3C90600D4E040 /* Build configuration list for PBXNativeTarget "StacksTests" */;
			buildPhases = (
				F7C798BC1CD3C90600D4E040 /* Sources */,
				F7C798BD1CD3C90600D4E040 /* Frameworks */,
				F7C798BE1CD3C90600D4E040 /* Resources */,
			);
			buildRules = (
			);
			dependencies = (
				F7C798C21CD3C90600D4E040 /* PBXTargetDependency */,
			);
			name = StacksTests;
			productName = StacksTests;
			productReference = F7C798C01CD3C90600D4E040 /* StacksTests.xctest */;
			productType = "com.apple.product-type.bundle.unit-test";
		};
		F7C798CA1CD3C90600D4E040 /* StacksUITests */ = {
			isa = PBXNativeTarget;
			buildConfigurationList = F7C798DA1CD3C90600D4E040 /* Build configuration list for PBXNativeTarget "StacksUITests" */;
			buildPhases = (
				F7C798C71CD3C90600D4E040 /* Sources */,
				F7C798C81CD3C90600D4E040 /* Frameworks */,
				F7C798C91CD3C90600D4E040 /* Resources */,
			);
			buildRules = (
			);
			dependencies = (
				F7C798CD1CD3C90600D4E040 /* PBXTargetDependency */,
			);
			name = StacksUITests;
			productName = StacksUITests;
			productReference = F7C798CB1CD3C90600D4E040 /* StacksUITests.xctest */;
			productType = "com.apple.product-type.bundle.ui-testing";
		};
/* End PBXNativeTarget section */

/* Begin PBXProject section */
		F7C798A41CD3C90600D4E040 /* Project object */ = {
			isa = PBXProject;
			attributes = {
				LastSwiftUpdateCheck = 0730;
				LastUpgradeCheck = 0730;
				ORGANIZATIONNAME = "Mobile First Studios";
				TargetAttributes = {
					F7C798AB1CD3C90600D4E040 = {
						CreatedOnToolsVersion = 7.3;
						DevelopmentTeam = PFQ59PDNS3;
					};
					F7C798BF1CD3C90600D4E040 = {
						CreatedOnToolsVersion = 7.3;
						TestTargetID = F7C798AB1CD3C90600D4E040;
					};
					F7C798CA1CD3C90600D4E040 = {
						CreatedOnToolsVersion = 7.3;
						TestTargetID = F7C798AB1CD3C90600D4E040;
					};
				};
			};
			buildConfigurationList = F7C798A71CD3C90600D4E040 /* Build configuration list for PBXProject "Stacks" */;
			compatibilityVersion = "Xcode 3.2";
			developmentRegion = English;
			hasScannedForEncodings = 0;
			knownRegions = (
				en,
				Base,
			);
			mainGroup = F7C798A31CD3C90600D4E040;
			productRefGroup = F7C798AD1CD3C90600D4E040 /* Products */;
			projectDirPath = "";
			projectRoot = "";
			targets = (
				F7C798AB1CD3C90600D4E040 /* Stacks */,
				F7C798BF1CD3C90600D4E040 /* StacksTests */,
				F7C798CA1CD3C90600D4E040 /* StacksUITests */,
			);
		};
/* End PBXProject section */

/* Begin PBXResourcesBuildPhase section */
		F7C798AA1CD3C90600D4E040 /* Resources */ = {
			isa = PBXResourcesBuildPhase;
			buildActionMask = 2147483647;
			files = (
				F7C798BA1CD3C90600D4E040 /* LaunchScreen.storyboard in Resources */,
				F7C798B71CD3C90600D4E040 /* Assets.xcassets in Resources */,
				F7C798B51CD3C90600D4E040 /* Main.storyboard in Resources */,
			);
			runOnlyForDeploymentPostprocessing = 0;
		};
		F7C798BE1CD3C90600D4E040 /* Resources */ = {
			isa = PBXResourcesBuildPhase;
			buildActionMask = 2147483647;
			files = (
			);
			runOnlyForDeploymentPostprocessing = 0;
		};
		F7C798C91CD3C90600D4E040 /* Resources */ = {
			isa = PBXResourcesBuildPhase;
			buildActionMask = 2147483647;
			files = (
			);
			runOnlyForDeploymentPostprocessing = 0;
		};
/* End PBXResourcesBuildPhase section */

/* Begin PBXShellScriptBuildPhase section */
		4666D8AC8884EC4387AD9407 /* Copy Pods Resources */ = {
			isa = PBXShellScriptBuildPhase;
			buildActionMask = 2147483647;
			files = (
			);
			inputPaths = (
			);
			name = "Copy Pods Resources";
			outputPaths = (
			);
			runOnlyForDeploymentPostprocessing = 0;
			shellPath = /bin/sh;
			shellScript = "\"${SRCROOT}/Pods/Target Support Files/Pods-Stacks/Pods-Stacks-resources.sh\"\n";
			showEnvVarsInLog = 0;
		};
		7C9C51140342275EDF2F02F6 /* Embed Pods Frameworks */ = {
			isa = PBXShellScriptBuildPhase;
			buildActionMask = 2147483647;
			files = (
			);
			inputPaths = (
			);
			name = "Embed Pods Frameworks";
			outputPaths = (
			);
			runOnlyForDeploymentPostprocessing = 0;
			shellPath = /bin/sh;
			shellScript = "\"${SRCROOT}/Pods/Target Support Files/Pods-Stacks/Pods-Stacks-frameworks.sh\"\n";
			showEnvVarsInLog = 0;
		};
		7EAD9ACC1BB6715B3B142845 /* Check Pods Manifest.lock */ = {
			isa = PBXShellScriptBuildPhase;
			buildActionMask = 2147483647;
			files = (
			);
			inputPaths = (
			);
			name = "Check Pods Manifest.lock";
			outputPaths = (
			);
			runOnlyForDeploymentPostprocessing = 0;
			shellPath = /bin/sh;
			shellScript = "diff \"${PODS_ROOT}/../Podfile.lock\" \"${PODS_ROOT}/Manifest.lock\" > /dev/null\nif [[ $? != 0 ]] ; then\n    cat << EOM\nerror: The sandbox is not in sync with the Podfile.lock. Run 'pod install' or update your CocoaPods installation.\nEOM\n    exit 1\nfi\n";
			showEnvVarsInLog = 0;
		};
/* End PBXShellScriptBuildPhase section */

/* Begin PBXSourcesBuildPhase section */
		F7C798A81CD3C90600D4E040 /* Sources */ = {
			isa = PBXSourcesBuildPhase;
			buildActionMask = 2147483647;
			files = (
				F7C798EA1CD4104700D4E040 /* Instagram.swift in Sources */,
				F7C798E01CD3CACE00D4E040 /* iCarousel.m in Sources */,
				F7A55FB61CE1677E0006103E /* NewStackVC.swift in Sources */,
				F7F7B94D1CD6DE560094B27D /* LoginVC.swift in Sources */,
				F7A55FBF1CE2B0E50006103E /* CreatedStackCell.swift in Sources */,
				F7C798F41CD42C0300D4E040 /* User.swift in Sources */,
				F7C798B21CD3C90600D4E040 /* MediaView.swift in Sources */,
				F7A55FB21CE1353D0006103E /* TransitionManager.swift in Sources */,
				F7C798B01CD3C90600D4E040 /* AppDelegate.swift in Sources */,
				F7A55FB41CE1484C0006103E /* CustomSegue.swift in Sources */,
				F7A55FBB1CE269210006103E /* SSASideMenu.swift in Sources */,
				F7ADF2E51CEBE17D0031F709 /* StatsVC.swift in Sources */,
				F7A55FB01CE11FD90006103E /* StacksGallery.swift in Sources */,
				F7A55FBD1CE269FB0006103E /* LeftMenuViewController.swift in Sources */,
				F7A55FB81CE16AAA0006103E /* CreatedStack.swift in Sources */,
			);
			runOnlyForDeploymentPostprocessing = 0;
		};
		F7C798BC1CD3C90600D4E040 /* Sources */ = {
			isa = PBXSourcesBuildPhase;
			buildActionMask = 2147483647;
			files = (
				F7C798C51CD3C90600D4E040 /* StacksTests.swift in Sources */,
			);
			runOnlyForDeploymentPostprocessing = 0;
		};
		F7C798C71CD3C90600D4E040 /* Sources */ = {
			isa = PBXSourcesBuildPhase;
			buildActionMask = 2147483647;
			files = (
				F7C798D01CD3C90600D4E040 /* StacksUITests.swift in Sources */,
			);
			runOnlyForDeploymentPostprocessing = 0;
		};
/* End PBXSourcesBuildPhase section */

/* Begin PBXTargetDependency section */
		F7C798C21CD3C90600D4E040 /* PBXTargetDependency */ = {
			isa = PBXTargetDependency;
			target = F7C798AB1CD3C90600D4E040 /* Stacks */;
			targetProxy = F7C798C11CD3C90600D4E040 /* PBXContainerItemProxy */;
		};
		F7C798CD1CD3C90600D4E040 /* PBXTargetDependency */ = {
			isa = PBXTargetDependency;
			target = F7C798AB1CD3C90600D4E040 /* Stacks */;
			targetProxy = F7C798CC1CD3C90600D4E040 /* PBXContainerItemProxy */;
		};
/* End PBXTargetDependency section */

/* Begin PBXVariantGroup section */
		F7C798B31CD3C90600D4E040 /* Main.storyboard */ = {
			isa = PBXVariantGroup;
			children = (
				F7C798B41CD3C90600D4E040 /* Base */,
			);
			name = Main.storyboard;
			sourceTree = "<group>";
		};
		F7C798B81CD3C90600D4E040 /* LaunchScreen.storyboard */ = {
			isa = PBXVariantGroup;
			children = (
				F7C798B91CD3C90600D4E040 /* Base */,
			);
			name = LaunchScreen.storyboard;
			sourceTree = "<group>";
		};
/* End PBXVariantGroup section */

/* Begin XCBuildConfiguration section */
		F7C798D21CD3C90600D4E040 /* Debug */ = {
			isa = XCBuildConfiguration;
			buildSettings = {
				ALWAYS_SEARCH_USER_PATHS = NO;
				CLANG_ANALYZER_NONNULL = YES;
				CLANG_CXX_LANGUAGE_STANDARD = "gnu++0x";
				CLANG_CXX_LIBRARY = "libc++";
				CLANG_ENABLE_MODULES = YES;
				CLANG_ENABLE_OBJC_ARC = YES;
				CLANG_WARN_BOOL_CONVERSION = YES;
				CLANG_WARN_CONSTANT_CONVERSION = YES;
				CLANG_WARN_DIRECT_OBJC_ISA_USAGE = YES_ERROR;
				CLANG_WARN_EMPTY_BODY = YES;
				CLANG_WARN_ENUM_CONVERSION = YES;
				CLANG_WARN_INT_CONVERSION = YES;
				CLANG_WARN_OBJC_ROOT_CLASS = YES_ERROR;
				CLANG_WARN_UNREACHABLE_CODE = YES;
				CLANG_WARN__DUPLICATE_METHOD_MATCH = YES;
				"CODE_SIGN_IDENTITY[sdk=iphoneos*]" = "iPhone Developer";
				COPY_PHASE_STRIP = NO;
				DEBUG_INFORMATION_FORMAT = dwarf;
				ENABLE_STRICT_OBJC_MSGSEND = YES;
				ENABLE_TESTABILITY = YES;
				GCC_C_LANGUAGE_STANDARD = gnu99;
				GCC_DYNAMIC_NO_PIC = NO;
				GCC_NO_COMMON_BLOCKS = YES;
				GCC_OPTIMIZATION_LEVEL = 0;
				GCC_PREPROCESSOR_DEFINITIONS = (
					"DEBUG=1",
					"$(inherited)",
				);
				GCC_WARN_64_TO_32_BIT_CONVERSION = YES;
				GCC_WARN_ABOUT_RETURN_TYPE = YES_ERROR;
				GCC_WARN_UNDECLARED_SELECTOR = YES;
				GCC_WARN_UNINITIALIZED_AUTOS = YES_AGGRESSIVE;
				GCC_WARN_UNUSED_FUNCTION = YES;
				GCC_WARN_UNUSED_VARIABLE = YES;
				IPHONEOS_DEPLOYMENT_TARGET = 9.3;
				MTL_ENABLE_DEBUG_INFO = YES;
				ONLY_ACTIVE_ARCH = YES;
				SDKROOT = iphoneos;
				SWIFT_OPTIMIZATION_LEVEL = "-Onone";
				TARGETED_DEVICE_FAMILY = "1,2";
			};
			name = Debug;
		};
		F7C798D31CD3C90600D4E040 /* Release */ = {
			isa = XCBuildConfiguration;
			buildSettings = {
				ALWAYS_SEARCH_USER_PATHS = NO;
				CLANG_ANALYZER_NONNULL = YES;
				CLANG_CXX_LANGUAGE_STANDARD = "gnu++0x";
				CLANG_CXX_LIBRARY = "libc++";
				CLANG_ENABLE_MODULES = YES;
				CLANG_ENABLE_OBJC_ARC = YES;
				CLANG_WARN_BOOL_CONVERSION = YES;
				CLANG_WARN_CONSTANT_CONVERSION = YES;
				CLANG_WARN_DIRECT_OBJC_ISA_USAGE = YES_ERROR;
				CLANG_WARN_EMPTY_BODY = YES;
				CLANG_WARN_ENUM_CONVERSION = YES;
				CLANG_WARN_INT_CONVERSION = YES;
				CLANG_WARN_OBJC_ROOT_CLASS = YES_ERROR;
				CLANG_WARN_UNREACHABLE_CODE = YES;
				CLANG_WARN__DUPLICATE_METHOD_MATCH = YES;
				"CODE_SIGN_IDENTITY[sdk=iphoneos*]" = "iPhone Developer";
				COPY_PHASE_STRIP = NO;
				DEBUG_INFORMATION_FORMAT = "dwarf-with-dsym";
				ENABLE_NS_ASSERTIONS = NO;
				ENABLE_STRICT_OBJC_MSGSEND = YES;
				GCC_C_LANGUAGE_STANDARD = gnu99;
				GCC_NO_COMMON_BLOCKS = YES;
				GCC_WARN_64_TO_32_BIT_CONVERSION = YES;
				GCC_WARN_ABOUT_RETURN_TYPE = YES_ERROR;
				GCC_WARN_UNDECLARED_SELECTOR = YES;
				GCC_WARN_UNINITIALIZED_AUTOS = YES_AGGRESSIVE;
				GCC_WARN_UNUSED_FUNCTION = YES;
				GCC_WARN_UNUSED_VARIABLE = YES;
				IPHONEOS_DEPLOYMENT_TARGET = 9.3;
				MTL_ENABLE_DEBUG_INFO = NO;
				SDKROOT = iphoneos;
				TARGETED_DEVICE_FAMILY = "1,2";
				VALIDATE_PRODUCT = YES;
			};
			name = Release;
		};
		F7C798D51CD3C90600D4E040 /* Debug */ = {
			isa = XCBuildConfiguration;
			baseConfigurationReference = 493ACCF5CBF5896D5B457A57 /* Pods-Stacks.debug.xcconfig */;
			buildSettings = {
				ASSETCATALOG_COMPILER_APPICON_NAME = AppIcon;
				CODE_SIGN_IDENTITY = "iPhone Developer";
				"CODE_SIGN_IDENTITY[sdk=iphoneos*]" = "iPhone Developer";
				INFOPLIST_FILE = Stacks/Info.plist;
				IPHONEOS_DEPLOYMENT_TARGET = 9.0;
				LD_RUNPATH_SEARCH_PATHS = "$(inherited) @executable_path/Frameworks";
				PRODUCT_BUNDLE_IDENTIFIER = com.mobilefirststudio.Stacks;
				PRODUCT_NAME = "$(TARGET_NAME)";
				PROVISIONING_PROFILE = "";
				SWIFT_OBJC_BRIDGING_HEADER = "Stacks/Swift-iCarousel-header.h";
			};
			name = Debug;
		};
		F7C798D61CD3C90600D4E040 /* Release */ = {
			isa = XCBuildConfiguration;
			baseConfigurationReference = D78C9F9A1EA6A50D9BC181D6 /* Pods-Stacks.release.xcconfig */;
			buildSettings = {
				ASSETCATALOG_COMPILER_APPICON_NAME = AppIcon;
				CODE_SIGN_IDENTITY = "iPhone Developer";
				"CODE_SIGN_IDENTITY[sdk=iphoneos*]" = "iPhone Developer";
				INFOPLIST_FILE = Stacks/Info.plist;
				IPHONEOS_DEPLOYMENT_TARGET = 9.0;
				LD_RUNPATH_SEARCH_PATHS = "$(inherited) @executable_path/Frameworks";
				PRODUCT_BUNDLE_IDENTIFIER = com.mobilefirststudio.Stacks;
				PRODUCT_NAME = "$(TARGET_NAME)";
				PROVISIONING_PROFILE = "";
				SWIFT_OBJC_BRIDGING_HEADER = "Stacks/Swift-iCarousel-header.h";
			};
			name = Release;
		};
		F7C798D81CD3C90600D4E040 /* Debug */ = {
			isa = XCBuildConfiguration;
			buildSettings = {
				BUNDLE_LOADER = "$(TEST_HOST)";
				INFOPLIST_FILE = StacksTests/Info.plist;
				LD_RUNPATH_SEARCH_PATHS = "$(inherited) @executable_path/Frameworks @loader_path/Frameworks";
				PRODUCT_BUNDLE_IDENTIFIER = com.mobilefirststudio.StacksTests;
				PRODUCT_NAME = "$(TARGET_NAME)";
				TEST_HOST = "$(BUILT_PRODUCTS_DIR)/Stacks.app/Stacks";
			};
			name = Debug;
		};
		F7C798D91CD3C90600D4E040 /* Release */ = {
			isa = XCBuildConfiguration;
			buildSettings = {
				BUNDLE_LOADER = "$(TEST_HOST)";
				INFOPLIST_FILE = StacksTests/Info.plist;
				LD_RUNPATH_SEARCH_PATHS = "$(inherited) @executable_path/Frameworks @loader_path/Frameworks";
				PRODUCT_BUNDLE_IDENTIFIER = com.mobilefirststudio.StacksTests;
				PRODUCT_NAME = "$(TARGET_NAME)";
				TEST_HOST = "$(BUILT_PRODUCTS_DIR)/Stacks.app/Stacks";
			};
			name = Release;
		};
		F7C798DB1CD3C90600D4E040 /* Debug */ = {
			isa = XCBuildConfiguration;
			buildSettings = {
				INFOPLIST_FILE = StacksUITests/Info.plist;
				LD_RUNPATH_SEARCH_PATHS = "$(inherited) @executable_path/Frameworks @loader_path/Frameworks";
				PRODUCT_BUNDLE_IDENTIFIER = com.mobilefirststudio.StacksUITests;
				PRODUCT_NAME = "$(TARGET_NAME)";
				TEST_TARGET_NAME = Stacks;
			};
			name = Debug;
		};
		F7C798DC1CD3C90600D4E040 /* Release */ = {
			isa = XCBuildConfiguration;
			buildSettings = {
				INFOPLIST_FILE = StacksUITests/Info.plist;
				LD_RUNPATH_SEARCH_PATHS = "$(inherited) @executable_path/Frameworks @loader_path/Frameworks";
				PRODUCT_BUNDLE_IDENTIFIER = com.mobilefirststudio.StacksUITests;
				PRODUCT_NAME = "$(TARGET_NAME)";
				TEST_TARGET_NAME = Stacks;
			};
			name = Release;
		};
/* End XCBuildConfiguration section */

/* Begin XCConfigurationList section */
		F7C798A71CD3C90600D4E040 /* Build configuration list for PBXProject "Stacks" */ = {
			isa = XCConfigurationList;
			buildConfigurations = (
				F7C798D21CD3C90600D4E040 /* Debug */,
				F7C798D31CD3C90600D4E040 /* Release */,
			);
			defaultConfigurationIsVisible = 0;
			defaultConfigurationName = Release;
		};
		F7C798D41CD3C90600D4E040 /* Build configuration list for PBXNativeTarget "Stacks" */ = {
			isa = XCConfigurationList;
			buildConfigurations = (
				F7C798D51CD3C90600D4E040 /* Debug */,
				F7C798D61CD3C90600D4E040 /* Release */,
			);
			defaultConfigurationIsVisible = 0;
			defaultConfigurationName = Release;
		};
		F7C798D71CD3C90600D4E040 /* Build configuration list for PBXNativeTarget "StacksTests" */ = {
			isa = XCConfigurationList;
			buildConfigurations = (
				F7C798D81CD3C90600D4E040 /* Debug */,
				F7C798D91CD3C90600D4E040 /* Release */,
			);
			defaultConfigurationIsVisible = 0;
			defaultConfigurationName = Release;
		};
		F7C798DA1CD3C90600D4E040 /* Build configuration list for PBXNativeTarget "StacksUITests" */ = {
			isa = XCConfigurationList;
			buildConfigurations = (
				F7C798DB1CD3C90600D4E040 /* Debug */,
				F7C798DC1CD3C90600D4E040 /* Release */,
			);
			defaultConfigurationIsVisible = 0;
			defaultConfigurationName = Release;
		};
/* End XCConfigurationList section */
	};
	rootObject = F7C798A41CD3C90600D4E040 /* Project object */;
}
